{
  "name": "word-grove",
  "version": "1.0.0",
  "lockfileVersion": 3,
  "requires": true,
  "packages": {
    "": {
      "name": "word-grove",
      "version": "1.0.0",
      "license": "PolyForm-Noncommercial-1.0.0",
      "dependencies": {
        "playwright-core": "^1.62.1"
      }
    },
    "node_modules/playwright-core": {
      "version": "1.62.1",
      "license": "Apache-2.0",
      "bin": {
        "playwright-core": "cli.js"
      },
      "engines": {
        "node": ">=20"
      }
    }
  }
}
